
Microsoft Visual Studio Solution File, Format Version 12.00
# Visual Studio 14
VisualStudioVersion = 14.0.25420.1
MinimumVisualStudioVersion = 10.0.40219.1
Project("{FAE04EC0-301F-11D3-BF4B-00C04F79EFBC}") = "LearningWebApI2", "LearningWebApI2\LearningWebApI2.csproj", "{3B7F37FD-3D98-45C2-BA7B-AE9C6E07885E}"
EndProject
Project("{FAE04EC0-301F-11D3-BF4B-00C04F79EFBC}") = "YouKnowItBeta", "YouKnowItBeta\YouKnowItBeta.csproj", "{1C6913B9-4505-4415-9CB3-B6FD4A9AA597}"
EndProject
Global
	GlobalSection(SolutionConfigurationPlatforms) = preSolution
		Debug|Any CPU = Debug|Any CPU
		Release|Any CPU = Release|Any CPU
	EndGlobalSection
	GlobalSection(ProjectConfigurationPlatforms) = postSolution
		{3B7F37FD-3D98-45C2-BA7B-AE9C6E07885E}.Debug|Any CPU.ActiveCfg = Debug|Any CPU
		{3B7F37FD-3D98-45C2-BA7B-AE9C6E07885E}.Debug|Any CPU.Build.0 = Debug|Any CPU
		{3B7F37FD-3D98-45C2-BA7B-AE9C6E07885E}.Release|Any CPU.ActiveCfg = Release|Any CPU
		{3B7F37FD-3D98-45C2-BA7B-AE9C6E07885E}.Release|Any CPU.Build.0 = Release|Any CPU
		{1C6913B9-4505-4415-9CB3-B6FD4A9AA597}.Debug|Any CPU.ActiveCfg = Debug|Any CPU
		{1C6913B9-4505-4415-9CB3-B6FD4A9AA597}.Debug|Any CPU.Build.0 = Debug|Any CPU
		{1C6913B9-4505-4415-9CB3-B6FD4A9AA597}.Release|Any CPU.ActiveCfg = Release|Any CPU
		{1C6913B9-4505-4415-9CB3-B6FD4A9AA597}.Release|Any CPU.Build.0 = Release|Any CPU
	EndGlobalSection
	GlobalSection(SolutionProperties) = preSolution
		HideSolutionNode = FALSE
	EndGlobalSection
EndGlobal
